{
  "nodes": {
    "flake-utils": {
      "locked": {
        "lastModified": 1656928814,
        "narHash": "sha256-RIFfgBuKz6Hp89yRr7+NR5tzIAbn52h8vT6vXkYjZoM=",
        "owner": "numtide",
        "repo": "flake-utils",
        "rev": "7e2a3b3dfd9af950a856d66b0a7d01e3c18aa249",
        "type": "github"
      },
      "original": {
        "owner": "numtide",
        "repo": "flake-utils",
        "type": "github"
      }
    },
    "flake-utils_2": {
      "locked": {
        "lastModified": 1656928814,
        "narHash": "sha256-RIFfgBuKz6Hp89yRr7+NR5tzIAbn52h8vT6vXkYjZoM=",
        "owner": "numtide",
        "repo": "flake-utils",
        "rev": "7e2a3b3dfd9af950a856d66b0a7d01e3c18aa249",
        "type": "github"
      },
      "original": {
        "owner": "numtide",
        "repo": "flake-utils",
        "type": "github"
      }
    },
    "nixpkgs": {
      "locked": {
        "lastModified": 1658737577,
        "narHash": "sha256-xosJ5nJT9HX+b6UWsSX6R+ap4AdZOCrl/r+IKFp2ASQ=",
        "owner": "NixOS",
        "repo": "nixpkgs",
        "rev": "5a0e0d73b944157328d54c4ded1cf2f0146a86a5",
        "type": "github"
      },
      "original": {
        "id": "nixpkgs",
        "ref": "nixos-unstable",
        "type": "indirect"
      }
    },
    "nixpkgs_2": {
      "locked": {
        "lastModified": 1658311025,
        "narHash": "sha256-GqagY5YmaZB3YaO41kKcQhe5RcpS83wnsW8iCu5Znqo=",
        "owner": "NixOS",
        "repo": "nixpkgs",
        "rev": "cd8d1784506a7c7eb0796772b73437e0b82fad57",
        "type": "github"
      },
      "original": {
        "owner": "NixOS",
        "repo": "nixpkgs",
        "type": "github"
      }
    },
    "poetry2nix": {
      "inputs": {
        "flake-utils": "flake-utils_2",
        "nixpkgs": "nixpkgs_2"
      },
      "locked": {
        "lastModified": 1657626303,
        "narHash": "sha256-O/JJ0hSBCmlx0oP8QGAlRrWn0BvlC5cj7/EZ0CCWHTU=",
        "owner": "nix-community",
        "repo": "poetry2nix",
        "rev": "920ba682377d5c0d87945c5eb6141ab8447ca509",
        "type": "github"
      },
      "original": {
        "owner": "nix-community",
        "repo": "poetry2nix",
        "type": "github"
      }
    },
    "root": {
      "inputs": {
        "nixpkgs": "nixpkgs",
        "utils": "utils"
      }
    },
    "utils": {
      "inputs": {
        "flake-utils": "flake-utils",
        "nixpkgs": [
          "nixpkgs"
        ],
        "poetry2nix": "poetry2nix"
      },
      "locked": {
        "lastModified": 1658314126,
        "narHash": "sha256-rEoZSb8bBafEd6m3xu/yQtSFlP8GZxKN15YqMZkeMaQ=",
        "owner": "vale981",
        "repo": "hiro-flake-utils",
        "rev": "316cd25ffd9d7afd331cbbc1429f62f30567e288",
        "type": "github"
      },
      "original": {
        "owner": "vale981",
        "repo": "hiro-flake-utils",
        "type": "github"
      }
    }
  },
  "root": "root",
  "version": 7
}
